PODS:
  - Alamofire (5.2.2)
  - ObjectMapper (4.2.0)
  - SDWebImage (3.8.3):
    - SDWebImage/Core (= 3.8.3)
  - SDWebImage/Core (3.8.3)

DEPENDENCIES:
  - Alamofire
  - ObjectMapper
  - SDWebImage (~> 3.2)

SPEC REPOS:
  trunk:
    - Alamofire
    - ObjectMapper
    - SDWebImage

SPEC CHECKSUMS:
  Alamofire: 814429acc853c6c54ff123fc3d2ef66803823ce0
  ObjectMapper: 1eb41f610210777375fa806bf161dc39fb832b81
  SDWebImage: a72e880a8fe0f7fc31efe15aaed443c074d2a80c

PODFILE CHECKSUM: f76536d6ca1983b1b0391430abdd4c2e2f42ff46

COCOAPODS: 1.9.3
